
Microsoft Visual Studio Solution File, Format Version 12.00
# Visual Studio 14
VisualStudioVersion = 14.0.25123.0
MinimumVisualStudioVersion = 10.0.40219.1
Project("{FAE04EC0-301F-11D3-BF4B-00C04F79EFBC}") = "Book2Speech.Droid", "Book2Speech\Book2Speech.Droid\Book2Speech.Droid.csproj", "{97C8FD88-9815-404B-99A6-BC417C21F757}"
EndProject
Project("{FAE04EC0-301F-11D3-BF4B-00C04F79EFBC}") = "Book2Speech.iOS", "Book2Speech\Book2Speech.iOS\Book2Speech.iOS.csproj", "{4A0EDF31-EF8A-4B48-B42E-8BE3F2F1AD83}"
EndProject
Project("{FAE04EC0-301F-11D3-BF4B-00C04F79EFBC}") = "Book2Speech.WinPhone", "Book2Speech\Book2Speech.WinPhone\Book2Speech.WinPhone.csproj", "{157AC3F3-90AD-4549-B3EF-D654831A56F6}"
EndProject
Project("{FAE04EC0-301F-11D3-BF4B-00C04F79EFBC}") = "Book2Speech.UWP", "Book2Speech\Book2Speech.UWP\Book2Speech.UWP.csproj", "{B891E882-95FF-4905-B818-E1EDEA57BF80}"
EndProject
Project("{FAE04EC0-301F-11D3-BF4B-00C04F79EFBC}") = "Book2Speech.Windows", "Book2Speech\Book2Speech.Windows\Book2Speech.Windows.csproj", "{445C847A-5778-4AD6-AFD0-3C70F5D954B6}"
EndProject
Project("{D954291E-2A0B-460D-934E-DC6B0785DB48}") = "Book2Speech", "Book2Speech\Book2Speech\Book2Speech.shproj", "{CBBB0E17-4C99-4CAA-8B7A-954034F13F3A}"
EndProject
Global
	GlobalSection(SharedMSBuildProjectFiles) = preSolution
		Book2Speech\Book2Speech\Book2Speech.projitems*{cbbb0e17-4c99-4caa-8b7a-954034f13f3a}*SharedItemsImports = 13
	EndGlobalSection
	GlobalSection(SolutionConfigurationPlatforms) = preSolution
		Ad-Hoc|Any CPU = Ad-Hoc|Any CPU
		Ad-Hoc|ARM = Ad-Hoc|ARM
		Ad-Hoc|iPhone = Ad-Hoc|iPhone
		Ad-Hoc|iPhoneSimulator = Ad-Hoc|iPhoneSimulator
		Ad-Hoc|x64 = Ad-Hoc|x64
		Ad-Hoc|x86 = Ad-Hoc|x86
		AppStore|Any CPU = AppStore|Any CPU
		AppStore|ARM = AppStore|ARM
		AppStore|iPhone = AppStore|iPhone
		AppStore|iPhoneSimulator = AppStore|iPhoneSimulator
		AppStore|x64 = AppStore|x64
		AppStore|x86 = AppStore|x86
		Debug|Any CPU = Debug|Any CPU
		Debug|ARM = Debug|ARM
		Debug|iPhone = Debug|iPhone
		Debug|iPhoneSimulator = Debug|iPhoneSimulator
		Debug|x64 = Debug|x64
		Debug|x86 = Debug|x86
		Release|Any CPU = Release|Any CPU
		Release|ARM = Release|ARM
		Release|iPhone = Release|iPhone
		Release|iPhoneSimulator = Release|iPhoneSimulator
		Release|x64 = Release|x64
		Release|x86 = Release|x86
	EndGlobalSection
	GlobalSection(ProjectConfigurationPlatforms) = postSolution
		{97C8FD88-9815-404B-99A6-BC417C21F757}.Ad-Hoc|Any CPU.ActiveCfg = Release|Any CPU
		{97C8FD88-9815-404B-99A6-BC417C21F757}.Ad-Hoc|Any CPU.Build.0 = Release|Any CPU
		{97C8FD88-9815-404B-99A6-BC417C21F757}.Ad-Hoc|Any CPU.Deploy.0 = Release|Any CPU
		{97C8FD88-9815-404B-99A6-BC417C21F757}.Ad-Hoc|ARM.ActiveCfg = Release|Any CPU
		{97C8FD88-9815-404B-99A6-BC417C21F757}.Ad-Hoc|ARM.Build.0 = Release|Any CPU
		{97C8FD88-9815-404B-99A6-BC417C21F757}.Ad-Hoc|ARM.Deploy.0 = Release|Any CPU
		{97C8FD88-9815-404B-99A6-BC417C21F757}.Ad-Hoc|iPhone.ActiveCfg = Release|Any CPU
		{97C8FD88-9815-404B-99A6-BC417C21F757}.Ad-Hoc|iPhone.Build.0 = Release|Any CPU
		{97C8FD88-9815-404B-99A6-BC417C21F757}.Ad-Hoc|iPhone.Deploy.0 = Release|Any CPU
		{97C8FD88-9815-404B-99A6-BC417C21F757}.Ad-Hoc|iPhoneSimulator.ActiveCfg = Release|Any CPU
		{97C8FD88-9815-404B-99A6-BC417C21F757}.Ad-Hoc|iPhoneSimulator.Build.0 = Release|Any CPU
		{97C8FD88-9815-404B-99A6-BC417C21F757}.Ad-Hoc|iPhoneSimulator.Deploy.0 = Release|Any CPU
		{97C8FD88-9815-404B-99A6-BC417C21F757}.Ad-Hoc|x64.ActiveCfg = Release|Any CPU
		{97C8FD88-9815-404B-99A6-BC417C21F757}.Ad-Hoc|x64.Build.0 = Release|Any CPU
		{97C8FD88-9815-404B-99A6-BC417C21F757}.Ad-Hoc|x64.Deploy.0 = Release|Any CPU
		{97C8FD88-9815-404B-99A6-BC417C21F757}.Ad-Hoc|x86.ActiveCfg = Release|Any CPU
		{97C8FD88-9815-404B-99A6-BC417C21F757}.Ad-Hoc|x86.Build.0 = Release|Any CPU
		{97C8FD88-9815-404B-99A6-BC417C21F757}.Ad-Hoc|x86.Deploy.0 = Release|Any CPU
		{97C8FD88-9815-404B-99A6-BC417C21F757}.AppStore|Any CPU.ActiveCfg = Release|Any CPU
		{97C8FD88-9815-404B-99A6-BC417C21F757}.AppStore|Any CPU.Build.0 = Release|Any CPU
		{97C8FD88-9815-404B-99A6-BC417C21F757}.AppStore|Any CPU.Deploy.0 = Release|Any CPU
		{97C8FD88-9815-404B-99A6-BC417C21F757}.AppStore|ARM.ActiveCfg = Release|Any CPU
		{97C8FD88-9815-404B-99A6-BC417C21F757}.AppStore|ARM.Build.0 = Release|Any CPU
		{97C8FD88-9815-404B-99A6-BC417C21F757}.AppStore|ARM.Deploy.0 = Release|Any CPU
		{97C8FD88-9815-404B-99A6-BC417C21F757}.AppStore|iPhone.ActiveCfg = Release|Any CPU
		{97C8FD88-9815-404B-99A6-BC417C21F757}.AppStore|iPhone.Build.0 = Release|Any CPU
		{97C8FD88-9815-404B-99A6-BC417C21F757}.AppStore|iPhone.Deploy.0 = Release|Any CPU
		{97C8FD88-9815-404B-99A6-BC417C21F757}.AppStore|iPhoneSimulator.ActiveCfg = Release|Any CPU
		{97C8FD88-9815-404B-99A6-BC417C21F757}.AppStore|iPhoneSimulator.Build.0 = Release|Any CPU
		{97C8FD88-9815-404B-99A6-BC417C21F757}.AppStore|iPhoneSimulator.Deploy.0 = Release|Any CPU
		{97C8FD88-9815-404B-99A6-BC417C21F757}.AppStore|x64.ActiveCfg = Release|Any CPU
		{97C8FD88-9815-404B-99A6-BC417C21F757}.AppStore|x64.Build.0 = Release|Any CPU
		{97C8FD88-9815-404B-99A6-BC417C21F757}.AppStore|x64.Deploy.0 = Release|Any CPU
		{97C8FD88-9815-404B-99A6-BC417C21F757}.AppStore|x86.ActiveCfg = Release|Any CPU
		{97C8FD88-9815-404B-99A6-BC417C21F757}.AppStore|x86.Build.0 = Release|Any CPU
		{97C8FD88-9815-404B-99A6-BC417C21F757}.AppStore|x86.Deploy.0 = Release|Any CPU
		{97C8FD88-9815-404B-99A6-BC417C21F757}.Debug|Any CPU.ActiveCfg = Debug|Any CPU
		{97C8FD88-9815-404B-99A6-BC417C21F757}.Debug|Any CPU.Build.0 = Debug|Any CPU
		{97C8FD88-9815-404B-99A6-BC417C21F757}.Debug|Any CPU.Deploy.0 = Debug|Any CPU
		{97C8FD88-9815-404B-99A6-BC417C21F757}.Debug|ARM.ActiveCfg = Debug|Any CPU
		{97C8FD88-9815-404B-99A6-BC417C21F757}.Debug|ARM.Build.0 = Debug|Any CPU
		{97C8FD88-9815-404B-99A6-BC417C21F757}.Debug|ARM.Deploy.0 = Debug|Any CPU
		{97C8FD88-9815-404B-99A6-BC417C21F757}.Debug|iPhone.ActiveCfg = Debug|Any CPU
		{97C8FD88-9815-404B-99A6-BC417C21F757}.Debug|iPhone.Build.0 = Debug|Any CPU
		{97C8FD88-9815-404B-99A6-BC417C21F757}.Debug|iPhone.Deploy.0 = Debug|Any CPU
		{97C8FD88-9815-404B-99A6-BC417C21F757}.Debug|iPhoneSimulator.ActiveCfg = Debug|Any CPU
		{97C8FD88-9815-404B-99A6-BC417C21F757}.Debug|iPhoneSimulator.Build.0 = Debug|Any CPU
		{97C8FD88-9815-404B-99A6-BC417C21F757}.Debug|iPhoneSimulator.Deploy.0 = Debug|Any CPU
		{97C8FD88-9815-404B-99A6-BC417C21F757}.Debug|x64.ActiveCfg = Debug|Any CPU
		{97C8FD88-9815-404B-99A6-BC417C21F757}.Debug|x64.Build.0 = Debug|Any CPU
		{97C8FD88-9815-404B-99A6-BC417C21F757}.Debug|x64.Deploy.0 = Debug|Any CPU
		{97C8FD88-9815-404B-99A6-BC417C21F757}.Debug|x86.ActiveCfg = Debug|Any CPU
		{97C8FD88-9815-404B-99A6-BC417C21F757}.Debug|x86.Build.0 = Debug|Any CPU
		{97C8FD88-9815-404B-99A6-BC417C21F757}.Debug|x86.Deploy.0 = Debug|Any CPU
		{97C8FD88-9815-404B-99A6-BC417C21F757}.Release|Any CPU.ActiveCfg = Release|Any CPU
		{97C8FD88-9815-404B-99A6-BC417C21F757}.Release|Any CPU.Build.0 = Release|Any CPU
		{97C8FD88-9815-404B-99A6-BC417C21F757}.Release|Any CPU.Deploy.0 = Release|Any CPU
		{97C8FD88-9815-404B-99A6-BC417C21F757}.Release|ARM.ActiveCfg = Release|Any CPU
		{97C8FD88-9815-404B-99A6-BC417C21F757}.Release|ARM.Build.0 = Release|Any CPU
		{97C8FD88-9815-404B-99A6-BC417C21F757}.Release|ARM.Deploy.0 = Release|Any CPU
		{97C8FD88-9815-404B-99A6-BC417C21F757}.Release|iPhone.ActiveCfg = Release|Any CPU
		{97C8FD88-9815-404B-99A6-BC417C21F757}.Release|iPhone.Build.0 = Release|Any CPU
		{97C8FD88-9815-404B-99A6-BC417C21F757}.Release|iPhone.Deploy.0 = Release|Any CPU
		{97C8FD88-9815-404B-99A6-BC417C21F757}.Release|iPhoneSimulator.ActiveCfg = Release|Any CPU
		{97C8FD88-9815-404B-99A6-BC417C21F757}.Release|iPhoneSimulator.Build.0 = Release|Any CPU
		{97C8FD88-9815-404B-99A6-BC417C21F757}.Release|iPhoneSimulator.Deploy.0 = Release|Any CPU
		{97C8FD88-9815-404B-99A6-BC417C21F757}.Release|x64.ActiveCfg = Release|Any CPU
		{97C8FD88-9815-404B-99A6-BC417C21F757}.Release|x64.Build.0 = Release|Any CPU
		{97C8FD88-9815-404B-99A6-BC417C21F757}.Release|x64.Deploy.0 = Release|Any CPU
		{97C8FD88-9815-404B-99A6-BC417C21F757}.Release|x86.ActiveCfg = Release|Any CPU
		{97C8FD88-9815-404B-99A6-BC417C21F757}.Release|x86.Build.0 = Release|Any CPU
		{97C8FD88-9815-404B-99A6-BC417C21F757}.Release|x86.Deploy.0 = Release|Any CPU
		{4A0EDF31-EF8A-4B48-B42E-8BE3F2F1AD83}.Ad-Hoc|Any CPU.ActiveCfg = Ad-Hoc|iPhone
		{4A0EDF31-EF8A-4B48-B42E-8BE3F2F1AD83}.Ad-Hoc|ARM.ActiveCfg = Ad-Hoc|iPhone
		{4A0EDF31-EF8A-4B48-B42E-8BE3F2F1AD83}.Ad-Hoc|iPhone.ActiveCfg = Ad-Hoc|iPhone
		{4A0EDF31-EF8A-4B48-B42E-8BE3F2F1AD83}.Ad-Hoc|iPhone.Build.0 = Ad-Hoc|iPhone
		{4A0EDF31-EF8A-4B48-B42E-8BE3F2F1AD83}.Ad-Hoc|iPhoneSimulator.ActiveCfg = Ad-Hoc|iPhoneSimulator
		{4A0EDF31-EF8A-4B48-B42E-8BE3F2F1AD83}.Ad-Hoc|iPhoneSimulator.Build.0 = Ad-Hoc|iPhoneSimulator
		{4A0EDF31-EF8A-4B48-B42E-8BE3F2F1AD83}.Ad-Hoc|x64.ActiveCfg = Ad-Hoc|iPhone
		{4A0EDF31-EF8A-4B48-B42E-8BE3F2F1AD83}.Ad-Hoc|x86.ActiveCfg = Ad-Hoc|iPhone
		{4A0EDF31-EF8A-4B48-B42E-8BE3F2F1AD83}.AppStore|Any CPU.ActiveCfg = AppStore|iPhone
		{4A0EDF31-EF8A-4B48-B42E-8BE3F2F1AD83}.AppStore|ARM.ActiveCfg = AppStore|iPhone
		{4A0EDF31-EF8A-4B48-B42E-8BE3F2F1AD83}.AppStore|iPhone.ActiveCfg = AppStore|iPhone
		{4A0EDF31-EF8A-4B48-B42E-8BE3F2F1AD83}.AppStore|iPhone.Build.0 = AppStore|iPhone
		{4A0EDF31-EF8A-4B48-B42E-8BE3F2F1AD83}.AppStore|iPhoneSimulator.ActiveCfg = AppStore|iPhoneSimulator
		{4A0EDF31-EF8A-4B48-B42E-8BE3F2F1AD83}.AppStore|iPhoneSimulator.Build.0 = AppStore|iPhoneSimulator
		{4A0EDF31-EF8A-4B48-B42E-8BE3F2F1AD83}.AppStore|x64.ActiveCfg = AppStore|iPhone
		{4A0EDF31-EF8A-4B48-B42E-8BE3F2F1AD83}.AppStore|x86.ActiveCfg = AppStore|iPhone
		{4A0EDF31-EF8A-4B48-B42E-8BE3F2F1AD83}.Debug|Any CPU.ActiveCfg = Debug|iPhone
		{4A0EDF31-EF8A-4B48-B42E-8BE3F2F1AD83}.Debug|ARM.ActiveCfg = Debug|iPhone
		{4A0EDF31-EF8A-4B48-B42E-8BE3F2F1AD83}.Debug|iPhone.ActiveCfg = Debug|iPhone
		{4A0EDF31-EF8A-4B48-B42E-8BE3F2F1AD83}.Debug|iPhone.Build.0 = Debug|iPhone
		{4A0EDF31-EF8A-4B48-B42E-8BE3F2F1AD83}.Debug|iPhoneSimulator.ActiveCfg = Debug|iPhoneSimulator
		{4A0EDF31-EF8A-4B48-B42E-8BE3F2F1AD83}.Debug|iPhoneSimulator.Build.0 = Debug|iPhoneSimulator
		{4A0EDF31-EF8A-4B48-B42E-8BE3F2F1AD83}.Debug|x64.ActiveCfg = Debug|iPhone
		{4A0EDF31-EF8A-4B48-B42E-8BE3F2F1AD83}.Debug|x86.ActiveCfg = Debug|iPhone
		{4A0EDF31-EF8A-4B48-B42E-8BE3F2F1AD83}.Release|Any CPU.ActiveCfg = Release|iPhone
		{4A0EDF31-EF8A-4B48-B42E-8BE3F2F1AD83}.Release|ARM.ActiveCfg = Release|iPhone
		{4A0EDF31-EF8A-4B48-B42E-8BE3F2F1AD83}.Release|iPhone.ActiveCfg = Release|iPhone
		{4A0EDF31-EF8A-4B48-B42E-8BE3F2F1AD83}.Release|iPhone.Build.0 = Release|iPhone
		{4A0EDF31-EF8A-4B48-B42E-8BE3F2F1AD83}.Release|iPhoneSimulator.ActiveCfg = Release|iPhoneSimulator
		{4A0EDF31-EF8A-4B48-B42E-8BE3F2F1AD83}.Release|iPhoneSimulator.Build.0 = Release|iPhoneSimulator
		{4A0EDF31-EF8A-4B48-B42E-8BE3F2F1AD83}.Release|x64.ActiveCfg = Release|iPhone
		{4A0EDF31-EF8A-4B48-B42E-8BE3F2F1AD83}.Release|x86.ActiveCfg = Release|iPhone
		{157AC3F3-90AD-4549-B3EF-D654831A56F6}.Ad-Hoc|Any CPU.ActiveCfg = Release|Any CPU
		{157AC3F3-90AD-4549-B3EF-D654831A56F6}.Ad-Hoc|Any CPU.Build.0 = Release|Any CPU
		{157AC3F3-90AD-4549-B3EF-D654831A56F6}.Ad-Hoc|Any CPU.Deploy.0 = Release|Any CPU
		{157AC3F3-90AD-4549-B3EF-D654831A56F6}.Ad-Hoc|ARM.ActiveCfg = Release|ARM
		{157AC3F3-90AD-4549-B3EF-D654831A56F6}.Ad-Hoc|ARM.Build.0 = Release|ARM
		{157AC3F3-90AD-4549-B3EF-D654831A56F6}.Ad-Hoc|ARM.Deploy.0 = Release|ARM
		{157AC3F3-90AD-4549-B3EF-D654831A56F6}.Ad-Hoc|iPhone.ActiveCfg = Release|Any CPU
		{157AC3F3-90AD-4549-B3EF-D654831A56F6}.Ad-Hoc|iPhone.Build.0 = Release|Any CPU
		{157AC3F3-90AD-4549-B3EF-D654831A56F6}.Ad-Hoc|iPhone.Deploy.0 = Release|Any CPU
		{157AC3F3-90AD-4549-B3EF-D654831A56F6}.Ad-Hoc|iPhoneSimulator.ActiveCfg = Release|Any CPU
		{157AC3F3-90AD-4549-B3EF-D654831A56F6}.Ad-Hoc|iPhoneSimulator.Build.0 = Release|Any CPU
		{157AC3F3-90AD-4549-B3EF-D654831A56F6}.Ad-Hoc|iPhoneSimulator.Deploy.0 = Release|Any CPU
		{157AC3F3-90AD-4549-B3EF-D654831A56F6}.Ad-Hoc|x64.ActiveCfg = Release|Any CPU
		{157AC3F3-90AD-4549-B3EF-D654831A56F6}.Ad-Hoc|x64.Build.0 = Release|Any CPU
		{157AC3F3-90AD-4549-B3EF-D654831A56F6}.Ad-Hoc|x64.Deploy.0 = Release|Any CPU
		{157AC3F3-90AD-4549-B3EF-D654831A56F6}.Ad-Hoc|x86.ActiveCfg = Release|x86
		{157AC3F3-90AD-4549-B3EF-D654831A56F6}.Ad-Hoc|x86.Build.0 = Release|x86
		{157AC3F3-90AD-4549-B3EF-D654831A56F6}.Ad-Hoc|x86.Deploy.0 = Release|x86
		{157AC3F3-90AD-4549-B3EF-D654831A56F6}.AppStore|Any CPU.ActiveCfg = Release|Any CPU
		{157AC3F3-90AD-4549-B3EF-D654831A56F6}.AppStore|Any CPU.Build.0 = Release|Any CPU
		{157AC3F3-90AD-4549-B3EF-D654831A56F6}.AppStore|Any CPU.Deploy.0 = Release|Any CPU
		{157AC3F3-90AD-4549-B3EF-D654831A56F6}.AppStore|ARM.ActiveCfg = Release|ARM
		{157AC3F3-90AD-4549-B3EF-D654831A56F6}.AppStore|ARM.Build.0 = Release|ARM
		{157AC3F3-90AD-4549-B3EF-D654831A56F6}.AppStore|ARM.Deploy.0 = Release|ARM
		{157AC3F3-90AD-4549-B3EF-D654831A56F6}.AppStore|iPhone.ActiveCfg = Release|Any CPU
		{157AC3F3-90AD-4549-B3EF-D654831A56F6}.AppStore|iPhone.Build.0 = Release|Any CPU
		{157AC3F3-90AD-4549-B3EF-D654831A56F6}.AppStore|iPhone.Deploy.0 = Release|Any CPU
		{157AC3F3-90AD-4549-B3EF-D654831A56F6}.AppStore|iPhoneSimulator.ActiveCfg = Release|Any CPU
		{157AC3F3-90AD-4549-B3EF-D654831A56F6}.AppStore|iPhoneSimulator.Build.0 = Release|Any CPU
		{157AC3F3-90AD-4549-B3EF-D654831A56F6}.AppStore|iPhoneSimulator.Deploy.0 = Release|Any CPU
		{157AC3F3-90AD-4549-B3EF-D654831A56F6}.AppStore|x64.ActiveCfg = Release|Any CPU
		{157AC3F3-90AD-4549-B3EF-D654831A56F6}.AppStore|x64.Build.0 = Release|Any CPU
		{157AC3F3-90AD-4549-B3EF-D654831A56F6}.AppStore|x64.Deploy.0 = Release|Any CPU
		{157AC3F3-90AD-4549-B3EF-D654831A56F6}.AppStore|x86.ActiveCfg = Release|x86
		{157AC3F3-90AD-4549-B3EF-D654831A56F6}.AppStore|x86.Build.0 = Release|x86
		{157AC3F3-90AD-4549-B3EF-D654831A56F6}.AppStore|x86.Deploy.0 = Release|x86
		{157AC3F3-90AD-4549-B3EF-D654831A56F6}.Debug|Any CPU.ActiveCfg = Debug|Any CPU
		{157AC3F3-90AD-4549-B3EF-D654831A56F6}.Debug|Any CPU.Build.0 = Debug|Any CPU
		{157AC3F3-90AD-4549-B3EF-D654831A56F6}.Debug|Any CPU.Deploy.0 = Debug|Any CPU
		{157AC3F3-90AD-4549-B3EF-D654831A56F6}.Debug|ARM.ActiveCfg = Debug|ARM
		{157AC3F3-90AD-4549-B3EF-D654831A56F6}.Debug|ARM.Build.0 = Debug|ARM
		{157AC3F3-90AD-4549-B3EF-D654831A56F6}.Debug|ARM.Deploy.0 = Debug|ARM
		{157AC3F3-90AD-4549-B3EF-D654831A56F6}.Debug|iPhone.ActiveCfg = Debug|Any CPU
		{157AC3F3-90AD-4549-B3EF-D654831A56F6}.Debug|iPhone.Build.0 = Debug|Any CPU
		{157AC3F3-90AD-4549-B3EF-D654831A56F6}.Debug|iPhone.Deploy.0 = Debug|Any CPU
		{157AC3F3-90AD-4549-B3EF-D654831A56F6}.Debug|iPhoneSimulator.ActiveCfg = Debug|Any CPU
		{157AC3F3-90AD-4549-B3EF-D654831A56F6}.Debug|iPhoneSimulator.Build.0 = Debug|Any CPU
		{157AC3F3-90AD-4549-B3EF-D654831A56F6}.Debug|iPhoneSimulator.Deploy.0 = Debug|Any CPU
		{157AC3F3-90AD-4549-B3EF-D654831A56F6}.Debug|x64.ActiveCfg = Debug|Any CPU
		{157AC3F3-90AD-4549-B3EF-D654831A56F6}.Debug|x64.Build.0 = Debug|Any CPU
		{157AC3F3-90AD-4549-B3EF-D654831A56F6}.Debug|x64.Deploy.0 = Debug|Any CPU
		{157AC3F3-90AD-4549-B3EF-D654831A56F6}.Debug|x86.ActiveCfg = Debug|x86
		{157AC3F3-90AD-4549-B3EF-D654831A56F6}.Debug|x86.Build.0 = Debug|x86
		{157AC3F3-90AD-4549-B3EF-D654831A56F6}.Debug|x86.Deploy.0 = Debug|x86
		{157AC3F3-90AD-4549-B3EF-D654831A56F6}.Release|Any CPU.ActiveCfg = Release|Any CPU
		{157AC3F3-90AD-4549-B3EF-D654831A56F6}.Release|Any CPU.Build.0 = Release|Any CPU
		{157AC3F3-90AD-4549-B3EF-D654831A56F6}.Release|Any CPU.Deploy.0 = Release|Any CPU
		{157AC3F3-90AD-4549-B3EF-D654831A56F6}.Release|ARM.ActiveCfg = Release|ARM
		{157AC3F3-90AD-4549-B3EF-D654831A56F6}.Release|ARM.Build.0 = Release|ARM
		{157AC3F3-90AD-4549-B3EF-D654831A56F6}.Release|ARM.Deploy.0 = Release|ARM
		{157AC3F3-90AD-4549-B3EF-D654831A56F6}.Release|iPhone.ActiveCfg = Release|Any CPU
		{157AC3F3-90AD-4549-B3EF-D654831A56F6}.Release|iPhone.Build.0 = Release|Any CPU
		{157AC3F3-90AD-4549-B3EF-D654831A56F6}.Release|iPhone.Deploy.0 = Release|Any CPU
		{157AC3F3-90AD-4549-B3EF-D654831A56F6}.Release|iPhoneSimulator.ActiveCfg = Release|Any CPU
		{157AC3F3-90AD-4549-B3EF-D654831A56F6}.Release|iPhoneSimulator.Build.0 = Release|Any CPU
		{157AC3F3-90AD-4549-B3EF-D654831A56F6}.Release|iPhoneSimulator.Deploy.0 = Release|Any CPU
		{157AC3F3-90AD-4549-B3EF-D654831A56F6}.Release|x64.ActiveCfg = Release|Any CPU
		{157AC3F3-90AD-4549-B3EF-D654831A56F6}.Release|x64.Build.0 = Release|Any CPU
		{157AC3F3-90AD-4549-B3EF-D654831A56F6}.Release|x64.Deploy.0 = Release|Any CPU
		{157AC3F3-90AD-4549-B3EF-D654831A56F6}.Release|x86.ActiveCfg = Release|x86
		{157AC3F3-90AD-4549-B3EF-D654831A56F6}.Release|x86.Build.0 = Release|x86
		{157AC3F3-90AD-4549-B3EF-D654831A56F6}.Release|x86.Deploy.0 = Release|x86
		{B891E882-95FF-4905-B818-E1EDEA57BF80}.Ad-Hoc|Any CPU.ActiveCfg = Release|x86
		{B891E882-95FF-4905-B818-E1EDEA57BF80}.Ad-Hoc|Any CPU.Build.0 = Release|x86
		{B891E882-95FF-4905-B818-E1EDEA57BF80}.Ad-Hoc|Any CPU.Deploy.0 = Release|x86
		{B891E882-95FF-4905-B818-E1EDEA57BF80}.Ad-Hoc|ARM.ActiveCfg = Release|ARM
		{B891E882-95FF-4905-B818-E1EDEA57BF80}.Ad-Hoc|ARM.Build.0 = Release|ARM
		{B891E882-95FF-4905-B818-E1EDEA57BF80}.Ad-Hoc|ARM.Deploy.0 = Release|ARM
		{B891E882-95FF-4905-B818-E1EDEA57BF80}.Ad-Hoc|iPhone.ActiveCfg = Release|x86
		{B891E882-95FF-4905-B818-E1EDEA57BF80}.Ad-Hoc|iPhone.Build.0 = Release|x86
		{B891E882-95FF-4905-B818-E1EDEA57BF80}.Ad-Hoc|iPhone.Deploy.0 = Release|x86
		{B891E882-95FF-4905-B818-E1EDEA57BF80}.Ad-Hoc|iPhoneSimulator.ActiveCfg = Release|x86
		{B891E882-95FF-4905-B818-E1EDEA57BF80}.Ad-Hoc|iPhoneSimulator.Build.0 = Release|x86
		{B891E882-95FF-4905-B818-E1EDEA57BF80}.Ad-Hoc|iPhoneSimulator.Deploy.0 = Release|x86
		{B891E882-95FF-4905-B818-E1EDEA57BF80}.Ad-Hoc|x64.ActiveCfg = Release|x64
		{B891E882-95FF-4905-B818-E1EDEA57BF80}.Ad-Hoc|x64.Build.0 = Release|x64
		{B891E882-95FF-4905-B818-E1EDEA57BF80}.Ad-Hoc|x64.Deploy.0 = Release|x64
		{B891E882-95FF-4905-B818-E1EDEA57BF80}.Ad-Hoc|x86.ActiveCfg = Release|x86
		{B891E882-95FF-4905-B818-E1EDEA57BF80}.Ad-Hoc|x86.Build.0 = Release|x86
		{B891E882-95FF-4905-B818-E1EDEA57BF80}.Ad-Hoc|x86.Deploy.0 = Release|x86
		{B891E882-95FF-4905-B818-E1EDEA57BF80}.AppStore|Any CPU.ActiveCfg = Release|x86
		{B891E882-95FF-4905-B818-E1EDEA57BF80}.AppStore|Any CPU.Build.0 = Release|x86
		{B891E882-95FF-4905-B818-E1EDEA57BF80}.AppStore|Any CPU.Deploy.0 = Release|x86
		{B891E882-95FF-4905-B818-E1EDEA57BF80}.AppStore|ARM.ActiveCfg = Release|ARM
		{B891E882-95FF-4905-B818-E1EDEA57BF80}.AppStore|ARM.Build.0 = Release|ARM
		{B891E882-95FF-4905-B818-E1EDEA57BF80}.AppStore|ARM.Deploy.0 = Release|ARM
		{B891E882-95FF-4905-B818-E1EDEA57BF80}.AppStore|iPhone.ActiveCfg = Release|x86
		{B891E882-95FF-4905-B818-E1EDEA57BF80}.AppStore|iPhone.Build.0 = Release|x86
		{B891E882-95FF-4905-B818-E1EDEA57BF80}.AppStore|iPhone.Deploy.0 = Release|x86
		{B891E882-95FF-4905-B818-E1EDEA57BF80}.AppStore|iPhoneSimulator.ActiveCfg = Release|x86
		{B891E882-95FF-4905-B818-E1EDEA57BF80}.AppStore|iPhoneSimulator.Build.0 = Release|x86
		{B891E882-95FF-4905-B818-E1EDEA57BF80}.AppStore|iPhoneSimulator.Deploy.0 = Release|x86
		{B891E882-95FF-4905-B818-E1EDEA57BF80}.AppStore|x64.ActiveCfg = Release|x64
		{B891E882-95FF-4905-B818-E1EDEA57BF80}.AppStore|x64.Build.0 = Release|x64
		{B891E882-95FF-4905-B818-E1EDEA57BF80}.AppStore|x64.Deploy.0 = Release|x64
		{B891E882-95FF-4905-B818-E1EDEA57BF80}.AppStore|x86.ActiveCfg = Release|x86
		{B891E882-95FF-4905-B818-E1EDEA57BF80}.AppStore|x86.Build.0 = Release|x86
		{B891E882-95FF-4905-B818-E1EDEA57BF80}.AppStore|x86.Deploy.0 = Release|x86
		{B891E882-95FF-4905-B818-E1EDEA57BF80}.Debug|Any CPU.ActiveCfg = Debug|x86
		{B891E882-95FF-4905-B818-E1EDEA57BF80}.Debug|ARM.ActiveCfg = Debug|ARM
		{B891E882-95FF-4905-B818-E1EDEA57BF80}.Debug|ARM.Build.0 = Debug|ARM
		{B891E882-95FF-4905-B818-E1EDEA57BF80}.Debug|ARM.Deploy.0 = Debug|ARM
		{B891E882-95FF-4905-B818-E1EDEA57BF80}.Debug|iPhone.ActiveCfg = Debug|x86
		{B891E882-95FF-4905-B818-E1EDEA57BF80}.Debug|iPhoneSimulator.ActiveCfg = Debug|x86
		{B891E882-95FF-4905-B818-E1EDEA57BF80}.Debug|x64.ActiveCfg = Debug|x64
		{B891E882-95FF-4905-B818-E1EDEA57BF80}.Debug|x64.Build.0 = Debug|x64
		{B891E882-95FF-4905-B818-E1EDEA57BF80}.Debug|x64.Deploy.0 = Debug|x64
		{B891E882-95FF-4905-B818-E1EDEA57BF80}.Debug|x86.ActiveCfg = Debug|x86
		{B891E882-95FF-4905-B818-E1EDEA57BF80}.Debug|x86.Build.0 = Debug|x86
		{B891E882-95FF-4905-B818-E1EDEA57BF80}.Debug|x86.Deploy.0 = Debug|x86
		{B891E882-95FF-4905-B818-E1EDEA57BF80}.Release|Any CPU.ActiveCfg = Release|x86
		{B891E882-95FF-4905-B818-E1EDEA57BF80}.Release|ARM.ActiveCfg = Release|ARM
		{B891E882-95FF-4905-B818-E1EDEA57BF80}.Release|ARM.Build.0 = Release|ARM
		{B891E882-95FF-4905-B818-E1EDEA57BF80}.Release|ARM.Deploy.0 = Release|ARM
		{B891E882-95FF-4905-B818-E1EDEA57BF80}.Release|iPhone.ActiveCfg = Release|x86
		{B891E882-95FF-4905-B818-E1EDEA57BF80}.Release|iPhoneSimulator.ActiveCfg = Release|x86
		{B891E882-95FF-4905-B818-E1EDEA57BF80}.Release|x64.ActiveCfg = Release|x64
		{B891E882-95FF-4905-B818-E1EDEA57BF80}.Release|x64.Build.0 = Release|x64
		{B891E882-95FF-4905-B818-E1EDEA57BF80}.Release|x64.Deploy.0 = Release|x64
		{B891E882-95FF-4905-B818-E1EDEA57BF80}.Release|x86.ActiveCfg = Release|x86
		{B891E882-95FF-4905-B818-E1EDEA57BF80}.Release|x86.Build.0 = Release|x86
		{B891E882-95FF-4905-B818-E1EDEA57BF80}.Release|x86.Deploy.0 = Release|x86
		{445C847A-5778-4AD6-AFD0-3C70F5D954B6}.Ad-Hoc|Any CPU.ActiveCfg = Release|Any CPU
		{445C847A-5778-4AD6-AFD0-3C70F5D954B6}.Ad-Hoc|Any CPU.Build.0 = Release|Any CPU
		{445C847A-5778-4AD6-AFD0-3C70F5D954B6}.Ad-Hoc|Any CPU.Deploy.0 = Release|Any CPU
		{445C847A-5778-4AD6-AFD0-3C70F5D954B6}.Ad-Hoc|ARM.ActiveCfg = Release|ARM
		{445C847A-5778-4AD6-AFD0-3C70F5D954B6}.Ad-Hoc|ARM.Build.0 = Release|ARM
		{445C847A-5778-4AD6-AFD0-3C70F5D954B6}.Ad-Hoc|ARM.Deploy.0 = Release|ARM
		{445C847A-5778-4AD6-AFD0-3C70F5D954B6}.Ad-Hoc|iPhone.ActiveCfg = Release|Any CPU
		{445C847A-5778-4AD6-AFD0-3C70F5D954B6}.Ad-Hoc|iPhone.Build.0 = Release|Any CPU
		{445C847A-5778-4AD6-AFD0-3C70F5D954B6}.Ad-Hoc|iPhone.Deploy.0 = Release|Any CPU
		{445C847A-5778-4AD6-AFD0-3C70F5D954B6}.Ad-Hoc|iPhoneSimulator.ActiveCfg = Release|Any CPU
		{445C847A-5778-4AD6-AFD0-3C70F5D954B6}.Ad-Hoc|iPhoneSimulator.Build.0 = Release|Any CPU
		{445C847A-5778-4AD6-AFD0-3C70F5D954B6}.Ad-Hoc|iPhoneSimulator.Deploy.0 = Release|Any CPU
		{445C847A-5778-4AD6-AFD0-3C70F5D954B6}.Ad-Hoc|x64.ActiveCfg = Release|x64
		{445C847A-5778-4AD6-AFD0-3C70F5D954B6}.Ad-Hoc|x64.Build.0 = Release|x64
		{445C847A-5778-4AD6-AFD0-3C70F5D954B6}.Ad-Hoc|x64.Deploy.0 = Release|x64
		{445C847A-5778-4AD6-AFD0-3C70F5D954B6}.Ad-Hoc|x86.ActiveCfg = Release|x86
		{445C847A-5778-4AD6-AFD0-3C70F5D954B6}.Ad-Hoc|x86.Build.0 = Release|x86
		{445C847A-5778-4AD6-AFD0-3C70F5D954B6}.Ad-Hoc|x86.Deploy.0 = Release|x86
		{445C847A-5778-4AD6-AFD0-3C70F5D954B6}.AppStore|Any CPU.ActiveCfg = Release|Any CPU
		{445C847A-5778-4AD6-AFD0-3C70F5D954B6}.AppStore|Any CPU.Build.0 = Release|Any CPU
		{445C847A-5778-4AD6-AFD0-3C70F5D954B6}.AppStore|Any CPU.Deploy.0 = Release|Any CPU
		{445C847A-5778-4AD6-AFD0-3C70F5D954B6}.AppStore|ARM.ActiveCfg = Release|ARM
		{445C847A-5778-4AD6-AFD0-3C70F5D954B6}.AppStore|ARM.Build.0 = Release|ARM
		{445C847A-5778-4AD6-AFD0-3C70F5D954B6}.AppStore|ARM.Deploy.0 = Release|ARM
		{445C847A-5778-4AD6-AFD0-3C70F5D954B6}.AppStore|iPhone.ActiveCfg = Release|Any CPU
		{445C847A-5778-4AD6-AFD0-3C70F5D954B6}.AppStore|iPhone.Build.0 = Release|Any CPU
		{445C847A-5778-4AD6-AFD0-3C70F5D954B6}.AppStore|iPhone.Deploy.0 = Release|Any CPU
		{445C847A-5778-4AD6-AFD0-3C70F5D954B6}.AppStore|iPhoneSimulator.ActiveCfg = Release|Any CPU
		{445C847A-5778-4AD6-AFD0-3C70F5D954B6}.AppStore|iPhoneSimulator.Build.0 = Release|Any CPU
		{445C847A-5778-4AD6-AFD0-3C70F5D954B6}.AppStore|iPhoneSimulator.Deploy.0 = Release|Any CPU
		{445C847A-5778-4AD6-AFD0-3C70F5D954B6}.AppStore|x64.ActiveCfg = Release|x64
		{445C847A-5778-4AD6-AFD0-3C70F5D954B6}.AppStore|x64.Build.0 = Release|x64
		{445C847A-5778-4AD6-AFD0-3C70F5D954B6}.AppStore|x64.Deploy.0 = Release|x64
		{445C847A-5778-4AD6-AFD0-3C70F5D954B6}.AppStore|x86.ActiveCfg = Release|x86
		{445C847A-5778-4AD6-AFD0-3C70F5D954B6}.AppStore|x86.Build.0 = Release|x86
		{445C847A-5778-4AD6-AFD0-3C70F5D954B6}.AppStore|x86.Deploy.0 = Release|x86
		{445C847A-5778-4AD6-AFD0-3C70F5D954B6}.Debug|Any CPU.ActiveCfg = Debug|Any CPU
		{445C847A-5778-4AD6-AFD0-3C70F5D954B6}.Debug|Any CPU.Build.0 = Debug|Any CPU
		{445C847A-5778-4AD6-AFD0-3C70F5D954B6}.Debug|Any CPU.Deploy.0 = Debug|Any CPU
		{445C847A-5778-4AD6-AFD0-3C70F5D954B6}.Debug|ARM.ActiveCfg = Debug|ARM
		{445C847A-5778-4AD6-AFD0-3C70F5D954B6}.Debug|ARM.Build.0 = Debug|ARM
		{445C847A-5778-4AD6-AFD0-3C70F5D954B6}.Debug|ARM.Deploy.0 = Debug|ARM
		{445C847A-5778-4AD6-AFD0-3C70F5D954B6}.Debug|iPhone.ActiveCfg = Debug|Any CPU
		{445C847A-5778-4AD6-AFD0-3C70F5D954B6}.Debug|iPhone.Build.0 = Debug|Any CPU
		{445C847A-5778-4AD6-AFD0-3C70F5D954B6}.Debug|iPhone.Deploy.0 = Debug|Any CPU
		{445C847A-5778-4AD6-AFD0-3C70F5D954B6}.Debug|iPhoneSimulator.ActiveCfg = Debug|Any CPU
		{445C847A-5778-4AD6-AFD0-3C70F5D954B6}.Debug|iPhoneSimulator.Build.0 = Debug|Any CPU
		{445C847A-5778-4AD6-AFD0-3C70F5D954B6}.Debug|iPhoneSimulator.Deploy.0 = Debug|Any CPU
		{445C847A-5778-4AD6-AFD0-3C70F5D954B6}.Debug|x64.ActiveCfg = Debug|x64
		{445C847A-5778-4AD6-AFD0-3C70F5D954B6}.Debug|x64.Build.0 = Debug|x64
		{445C847A-5778-4AD6-AFD0-3C70F5D954B6}.Debug|x64.Deploy.0 = Debug|x64
		{445C847A-5778-4AD6-AFD0-3C70F5D954B6}.Debug|x86.ActiveCfg = Debug|x86
		{445C847A-5778-4AD6-AFD0-3C70F5D954B6}.Debug|x86.Build.0 = Debug|x86
		{445C847A-5778-4AD6-AFD0-3C70F5D954B6}.Debug|x86.Deploy.0 = Debug|x86
		{445C847A-5778-4AD6-AFD0-3C70F5D954B6}.Release|Any CPU.ActiveCfg = Release|Any CPU
		{445C847A-5778-4AD6-AFD0-3C70F5D954B6}.Release|Any CPU.Build.0 = Release|Any CPU
		{445C847A-5778-4AD6-AFD0-3C70F5D954B6}.Release|Any CPU.Deploy.0 = Release|Any CPU
		{445C847A-5778-4AD6-AFD0-3C70F5D954B6}.Release|ARM.ActiveCfg = Release|ARM
		{445C847A-5778-4AD6-AFD0-3C70F5D954B6}.Release|ARM.Build.0 = Release|ARM
		{445C847A-5778-4AD6-AFD0-3C70F5D954B6}.Release|ARM.Deploy.0 = Release|ARM
		{445C847A-5778-4AD6-AFD0-3C70F5D954B6}.Release|iPhone.ActiveCfg = Release|Any CPU
		{445C847A-5778-4AD6-AFD0-3C70F5D954B6}.Release|iPhone.Build.0 = Release|Any CPU
		{445C847A-5778-4AD6-AFD0-3C70F5D954B6}.Release|iPhone.Deploy.0 = Release|Any CPU
		{445C847A-5778-4AD6-AFD0-3C70F5D954B6}.Release|iPhoneSimulator.ActiveCfg = Release|Any CPU
		{445C847A-5778-4AD6-AFD0-3C70F5D954B6}.Release|iPhoneSimulator.Build.0 = Release|Any CPU
		{445C847A-5778-4AD6-AFD0-3C70F5D954B6}.Release|iPhoneSimulator.Deploy.0 = Release|Any CPU
		{445C847A-5778-4AD6-AFD0-3C70F5D954B6}.Release|x64.ActiveCfg = Release|x64
		{445C847A-5778-4AD6-AFD0-3C70F5D954B6}.Release|x64.Build.0 = Release|x64
		{445C847A-5778-4AD6-AFD0-3C70F5D954B6}.Release|x64.Deploy.0 = Release|x64
		{445C847A-5778-4AD6-AFD0-3C70F5D954B6}.Release|x86.ActiveCfg = Release|x86
		{445C847A-5778-4AD6-AFD0-3C70F5D954B6}.Release|x86.Build.0 = Release|x86
		{445C847A-5778-4AD6-AFD0-3C70F5D954B6}.Release|x86.Deploy.0 = Release|x86
	EndGlobalSection
	GlobalSection(SolutionProperties) = preSolution
		HideSolutionNode = FALSE
	EndGlobalSection
EndGlobal
